<Solution>
  <Project Path="LibrarySystem.Core/LibrarySystem.Core.csproj" />
  <Project Path="LibrarySystem.Tests/LibrarySystem.Tests.csproj" />
  <Project Path="LibrarySystem/LibrarySystem.csproj">
    <BuildDependency Project="LibrarySystem.Core/LibrarySystem.Core.csproj" />
  </Project>
</Solution>
